
Microsoft Visual Studio Solution File, Format Version 12.00
# Visual Studio 15
VisualStudioVersion = 15.0.28307.1831
MinimumVisualStudioVersion = 10.0.40219.1
Project("{FAE04EC0-301F-11D3-BF4B-00C04F79EFBC}") = "PRG2_20212_P2_1_66", "PRG2_20212_P2_1_66\PRG2_20212_P2_1_66.csproj", "{ADF96F7A-FFFA-40BD-B314-D81F3FA10158}"
EndProject
Global
	GlobalSection(SolutionConfigurationPlatforms) = preSolution
		Debug|Any CPU = Debug|Any CPU
		Release|Any CPU = Release|Any CPU
	EndGlobalSection
	GlobalSection(ProjectConfigurationPlatforms) = postSolution
		{ADF96F7A-FFFA-40BD-B314-D81F3FA10158}.Debug|Any CPU.ActiveCfg = Debug|Any CPU
		{ADF96F7A-FFFA-40BD-B314-D81F3FA10158}.Debug|Any CPU.Build.0 = Debug|Any CPU
		{ADF96F7A-FFFA-40BD-B314-D81F3FA10158}.Release|Any CPU.ActiveCfg = Release|Any CPU
		{ADF96F7A-FFFA-40BD-B314-D81F3FA10158}.Release|Any CPU.Build.0 = Release|Any CPU
	EndGlobalSection
	GlobalSection(SolutionProperties) = preSolution
		HideSolutionNode = FALSE
	EndGlobalSection
	GlobalSection(ExtensibilityGlobals) = postSolution
		SolutionGuid = {45CAD1B4-DBC8-43FE-82E0-1B785C4D87D9}
	EndGlobalSection
EndGlobal
